
Microsoft Visual Studio Solution File, Format Version 12.00
# Visual Studio Version 17
VisualStudioVersion = 17.14.36109.1
MinimumVisualStudioVersion = 10.0.40219.1
Project("{FAE04EC0-301F-11D3-BF4B-00C04F79EFBC}") = "LabPrn232.AppHost", "LabPrn232.AppHost\LabPrn232.AppHost.csproj", "{F2C34498-B5F5-461B-8466-FAC2B63D9BDF}"
EndProject
Project("{FAE04EC0-301F-11D3-BF4B-00C04F79EFBC}") = "LabPrn232.ServiceDefaults", "LabPrn232.ServiceDefaults\LabPrn232.ServiceDefaults.csproj", "{212A8158-E112-1B28-86D7-F319E5BB05F8}"
EndProject
Project("{FAE04EC0-301F-11D3-BF4B-00C04F79EFBC}") = "Prn231.Lab1", "Prn231.Lab1\Prn231.Lab1.csproj", "{4A51A926-7112-B53C-F320-A4A883596D7A}"
EndProject
Project("{FAE04EC0-301F-11D3-BF4B-00C04F79EFBC}") = "Prn232.Lab2", "Prn232.Lab2\Prn232.Lab2.csproj", "{8203441F-F81B-4CE8-90CE-32020E7385F0}"
EndProject
Project("{FAE04EC0-301F-11D3-BF4B-00C04F79EFBC}") = "Prn232.Lab3", "Prn232.Lab3\Prn232.Lab3.csproj", "{C4F7EB19-9C1D-FD70-7AB0-E2851538FEFC}"
EndProject
Global
	GlobalSection(SolutionConfigurationPlatforms) = preSolution
		Debug|Any CPU = Debug|Any CPU
		Release|Any CPU = Release|Any CPU
	EndGlobalSection
	GlobalSection(ProjectConfigurationPlatforms) = postSolution
		{F2C34498-B5F5-461B-8466-FAC2B63D9BDF}.Debug|Any CPU.ActiveCfg = Debug|Any CPU
		{F2C34498-B5F5-461B-8466-FAC2B63D9BDF}.Debug|Any CPU.Build.0 = Debug|Any CPU
		{F2C34498-B5F5-461B-8466-FAC2B63D9BDF}.Release|Any CPU.ActiveCfg = Release|Any CPU
		{F2C34498-B5F5-461B-8466-FAC2B63D9BDF}.Release|Any CPU.Build.0 = Release|Any CPU
		{212A8158-E112-1B28-86D7-F319E5BB05F8}.Debug|Any CPU.ActiveCfg = Debug|Any CPU
		{212A8158-E112-1B28-86D7-F319E5BB05F8}.Debug|Any CPU.Build.0 = Debug|Any CPU
		{212A8158-E112-1B28-86D7-F319E5BB05F8}.Release|Any CPU.ActiveCfg = Release|Any CPU
		{212A8158-E112-1B28-86D7-F319E5BB05F8}.Release|Any CPU.Build.0 = Release|Any CPU
		{4A51A926-7112-B53C-F320-A4A883596D7A}.Debug|Any CPU.ActiveCfg = Debug|Any CPU
		{4A51A926-7112-B53C-F320-A4A883596D7A}.Debug|Any CPU.Build.0 = Debug|Any CPU
		{4A51A926-7112-B53C-F320-A4A883596D7A}.Release|Any CPU.ActiveCfg = Release|Any CPU
		{4A51A926-7112-B53C-F320-A4A883596D7A}.Release|Any CPU.Build.0 = Release|Any CPU
		{8203441F-F81B-4CE8-90CE-32020E7385F0}.Debug|Any CPU.ActiveCfg = Debug|Any CPU
		{8203441F-F81B-4CE8-90CE-32020E7385F0}.Debug|Any CPU.Build.0 = Debug|Any CPU
		{8203441F-F81B-4CE8-90CE-32020E7385F0}.Release|Any CPU.ActiveCfg = Release|Any CPU
		{8203441F-F81B-4CE8-90CE-32020E7385F0}.Release|Any CPU.Build.0 = Release|Any CPU
		{C4F7EB19-9C1D-FD70-7AB0-E2851538FEFC}.Debug|Any CPU.ActiveCfg = Debug|Any CPU
		{C4F7EB19-9C1D-FD70-7AB0-E2851538FEFC}.Debug|Any CPU.Build.0 = Debug|Any CPU
		{C4F7EB19-9C1D-FD70-7AB0-E2851538FEFC}.Release|Any CPU.ActiveCfg = Release|Any CPU
		{C4F7EB19-9C1D-FD70-7AB0-E2851538FEFC}.Release|Any CPU.Build.0 = Release|Any CPU
	EndGlobalSection
	GlobalSection(SolutionProperties) = preSolution
		HideSolutionNode = FALSE
	EndGlobalSection
	GlobalSection(ExtensibilityGlobals) = postSolution
		SolutionGuid = {EA1E2D58-5A5D-460F-BB5C-14D73A110BA9}
	EndGlobalSection
EndGlobal
