
Microsoft Visual Studio Solution File, Format Version 12.00
# Visual Studio Version 17
VisualStudioVersion = 17.14.36109.1
MinimumVisualStudioVersion = 10.0.40219.1
Project("{FAE04EC0-301F-11D3-BF4B-00C04F79EFBC}") = "LabPrn232.AppHost", "LabPrn232.AppHost\LabPrn232.AppHost.csproj", "{F2C34498-B5F5-461B-8466-FAC2B63D9BDF}"
EndProject
Project("{FAE04EC0-301F-11D3-BF4B-00C04F79EFBC}") = "LabPrn232.ServiceDefaults", "LabPrn232.ServiceDefaults\LabPrn232.ServiceDefaults.csproj", "{212A8158-E112-1B28-86D7-F319E5BB05F8}"
EndProject
Project("{FAE04EC0-301F-11D3-BF4B-00C04F79EFBC}") = "Prn231.Lab1", "Prn231.Lab1\Prn231.Lab1.csproj", "{4A51A926-7112-B53C-F320-A4A883596D7A}"
EndProject
Project("{FAE04EC0-301F-11D3-BF4B-00C04F79EFBC}") = "Prn232.Lab2", "Prn232.Lab2\Prn232.Lab2.csproj", "{8203441F-F81B-4CE8-90CE-32020E7385F0}"
EndProject
Project("{FAE04EC0-301F-11D3-BF4B-00C04F79EFBC}") = "Prn232.Lab3", "Prn232.Lab3\Prn232.Lab3.csproj", "{C4F7EB19-9C1D-FD70-7AB0-E2851538FEFC}"
EndProject
Project("{2150E333-8FDC-42A3-9474-1A3956D46DE8}") = "Lab1", "Lab1", "{ED13059D-E407-5174-3886-4FD5BEA505AB}"
EndProject
Project("{2150E333-8FDC-42A3-9474-1A3956D46DE8}") = "Lab2", "Lab2", "{5C42C7CA-ADAE-0159-8BF5-5EB6C7A325EF}"
EndProject
Project("{2150E333-8FDC-42A3-9474-1A3956D46DE8}") = "Lab3", "Lab3", "{87B7E9C9-4035-1DCE-E58D-63E422A029CF}"
EndProject
Project("{FAE04EC0-301F-11D3-BF4B-00C04F79EFBC}") = "Lab2.Service", "Lab2.Service\Lab2.Service.csproj", "{AD70B49B-38B1-4399-A97F-AA615F25F366}"
EndProject
Project("{FAE04EC0-301F-11D3-BF4B-00C04F79EFBC}") = "Lab2.Repo", "Lab2.Repo\Lab2.Repo.csproj", "{C7C4CC97-3FB7-48E4-8856-1167A14287C7}"
EndProject
Project("{FAE04EC0-301F-11D3-BF4B-00C04F79EFBC}") = "Lab1.Domain", "Lab1.Domain\Lab1.Domain.csproj", "{E265A366-6F19-538C-E1E2-C1F434F50608}"
EndProject
Project("{FAE04EC0-301F-11D3-BF4B-00C04F79EFBC}") = "Lab1.Infrastructure", "Lab1.Infrastructure\Lab1.Infrastructure.csproj", "{F79E08BA-649E-EAC3-F169-3BF2382275CC}"
EndProject
Global
	GlobalSection(SolutionConfigurationPlatforms) = preSolution
		Debug|Any CPU = Debug|Any CPU
		Release|Any CPU = Release|Any CPU
	EndGlobalSection
	GlobalSection(ProjectConfigurationPlatforms) = postSolution
		{F2C34498-B5F5-461B-8466-FAC2B63D9BDF}.Debug|Any CPU.ActiveCfg = Debug|Any CPU
		{F2C34498-B5F5-461B-8466-FAC2B63D9BDF}.Debug|Any CPU.Build.0 = Debug|Any CPU
		{F2C34498-B5F5-461B-8466-FAC2B63D9BDF}.Release|Any CPU.ActiveCfg = Release|Any CPU
		{F2C34498-B5F5-461B-8466-FAC2B63D9BDF}.Release|Any CPU.Build.0 = Release|Any CPU
		{212A8158-E112-1B28-86D7-F319E5BB05F8}.Debug|Any CPU.ActiveCfg = Debug|Any CPU
		{212A8158-E112-1B28-86D7-F319E5BB05F8}.Debug|Any CPU.Build.0 = Debug|Any CPU
		{212A8158-E112-1B28-86D7-F319E5BB05F8}.Release|Any CPU.ActiveCfg = Release|Any CPU
		{212A8158-E112-1B28-86D7-F319E5BB05F8}.Release|Any CPU.Build.0 = Release|Any CPU
		{4A51A926-7112-B53C-F320-A4A883596D7A}.Debug|Any CPU.ActiveCfg = Debug|Any CPU
		{4A51A926-7112-B53C-F320-A4A883596D7A}.Debug|Any CPU.Build.0 = Debug|Any CPU
		{4A51A926-7112-B53C-F320-A4A883596D7A}.Release|Any CPU.ActiveCfg = Release|Any CPU
		{4A51A926-7112-B53C-F320-A4A883596D7A}.Release|Any CPU.Build.0 = Release|Any CPU
		{8203441F-F81B-4CE8-90CE-32020E7385F0}.Debug|Any CPU.ActiveCfg = Debug|Any CPU
		{8203441F-F81B-4CE8-90CE-32020E7385F0}.Debug|Any CPU.Build.0 = Debug|Any CPU
		{8203441F-F81B-4CE8-90CE-32020E7385F0}.Release|Any CPU.ActiveCfg = Release|Any CPU
		{8203441F-F81B-4CE8-90CE-32020E7385F0}.Release|Any CPU.Build.0 = Release|Any CPU
		{C4F7EB19-9C1D-FD70-7AB0-E2851538FEFC}.Debug|Any CPU.ActiveCfg = Debug|Any CPU
		{C4F7EB19-9C1D-FD70-7AB0-E2851538FEFC}.Debug|Any CPU.Build.0 = Debug|Any CPU
		{C4F7EB19-9C1D-FD70-7AB0-E2851538FEFC}.Release|Any CPU.ActiveCfg = Release|Any CPU
		{C4F7EB19-9C1D-FD70-7AB0-E2851538FEFC}.Release|Any CPU.Build.0 = Release|Any CPU
		{AD70B49B-38B1-4399-A97F-AA615F25F366}.Debug|Any CPU.ActiveCfg = Debug|Any CPU
		{AD70B49B-38B1-4399-A97F-AA615F25F366}.Debug|Any CPU.Build.0 = Debug|Any CPU
		{AD70B49B-38B1-4399-A97F-AA615F25F366}.Release|Any CPU.ActiveCfg = Release|Any CPU
		{AD70B49B-38B1-4399-A97F-AA615F25F366}.Release|Any CPU.Build.0 = Release|Any CPU
		{C7C4CC97-3FB7-48E4-8856-1167A14287C7}.Debug|Any CPU.ActiveCfg = Debug|Any CPU
		{C7C4CC97-3FB7-48E4-8856-1167A14287C7}.Debug|Any CPU.Build.0 = Debug|Any CPU
		{C7C4CC97-3FB7-48E4-8856-1167A14287C7}.Release|Any CPU.ActiveCfg = Release|Any CPU
		{C7C4CC97-3FB7-48E4-8856-1167A14287C7}.Release|Any CPU.Build.0 = Release|Any CPU
		{E265A366-6F19-538C-E1E2-C1F434F50608}.Debug|Any CPU.ActiveCfg = Debug|Any CPU
		{E265A366-6F19-538C-E1E2-C1F434F50608}.Debug|Any CPU.Build.0 = Debug|Any CPU
		{E265A366-6F19-538C-E1E2-C1F434F50608}.Release|Any CPU.ActiveCfg = Release|Any CPU
		{E265A366-6F19-538C-E1E2-C1F434F50608}.Release|Any CPU.Build.0 = Release|Any CPU
		{F79E08BA-649E-EAC3-F169-3BF2382275CC}.Debug|Any CPU.ActiveCfg = Debug|Any CPU
		{F79E08BA-649E-EAC3-F169-3BF2382275CC}.Debug|Any CPU.Build.0 = Debug|Any CPU
		{F79E08BA-649E-EAC3-F169-3BF2382275CC}.Release|Any CPU.ActiveCfg = Release|Any CPU
		{F79E08BA-649E-EAC3-F169-3BF2382275CC}.Release|Any CPU.Build.0 = Release|Any CPU
	EndGlobalSection
	GlobalSection(SolutionProperties) = preSolution
		HideSolutionNode = FALSE
	EndGlobalSection
	GlobalSection(NestedProjects) = preSolution
		{4A51A926-7112-B53C-F320-A4A883596D7A} = {ED13059D-E407-5174-3886-4FD5BEA505AB}
		{8203441F-F81B-4CE8-90CE-32020E7385F0} = {5C42C7CA-ADAE-0159-8BF5-5EB6C7A325EF}
		{C4F7EB19-9C1D-FD70-7AB0-E2851538FEFC} = {87B7E9C9-4035-1DCE-E58D-63E422A029CF}
		{AD70B49B-38B1-4399-A97F-AA615F25F366} = {5C42C7CA-ADAE-0159-8BF5-5EB6C7A325EF}
		{C7C4CC97-3FB7-48E4-8856-1167A14287C7} = {5C42C7CA-ADAE-0159-8BF5-5EB6C7A325EF}
		{E265A366-6F19-538C-E1E2-C1F434F50608} = {ED13059D-E407-5174-3886-4FD5BEA505AB}
		{F79E08BA-649E-EAC3-F169-3BF2382275CC} = {ED13059D-E407-5174-3886-4FD5BEA505AB}
	EndGlobalSection
	GlobalSection(ExtensibilityGlobals) = postSolution
		SolutionGuid = {EA1E2D58-5A5D-460F-BB5C-14D73A110BA9}
	EndGlobalSection
EndGlobal
